
Microsoft Visual Studio Solution File, Format Version 12.00
# Visual Studio Version 17
VisualStudioVersion = 17.11.35327.3
MinimumVisualStudioVersion = 10.0.40219.1
Project("{FAE04EC0-301F-11D3-BF4B-00C04F79EFBC}") = "loginv3", "loginv3.csproj", "{7972F657-92BD-4A03-88DD-3463CD85F2C2}"
EndProject
Global
	GlobalSection(SolutionConfigurationPlatforms) = preSolution
		Debug|Any CPU = Debug|Any CPU
		Release|Any CPU = Release|Any CPU
	EndGlobalSection
	GlobalSection(ProjectConfigurationPlatforms) = postSolution
		{7972F657-92BD-4A03-88DD-3463CD85F2C2}.Debug|Any CPU.ActiveCfg = Debug|Any CPU
		{7972F657-92BD-4A03-88DD-3463CD85F2C2}.Debug|Any CPU.Build.0 = Debug|Any CPU
		{7972F657-92BD-4A03-88DD-3463CD85F2C2}.Release|Any CPU.ActiveCfg = Release|Any CPU
		{7972F657-92BD-4A03-88DD-3463CD85F2C2}.Release|Any CPU.Build.0 = Release|Any CPU
	EndGlobalSection
	GlobalSection(SolutionProperties) = preSolution
		HideSolutionNode = FALSE
	EndGlobalSection
	GlobalSection(ExtensibilityGlobals) = postSolution
		SolutionGuid = {EF4A91E3-C4BE-4C99-89A7-6EB094591B1E}
	EndGlobalSection
EndGlobal
